
Microsoft Visual Studio Solution File, Format Version 12.00
# Visual Studio Version 17
VisualStudioVersion = 17.13.35931.197 d17.13
MinimumVisualStudioVersion = 10.0.40219.1
Project("{D2ABAB84-BF74-430A-B69E-9DC6D40DDA17}") = "SSAS ALIMENTACORP", "SSAS ALIMENTACORP.dwproj", "{95DBEFAA-0319-E048-AF98-91D5B840278E}"
EndProject
Global
	GlobalSection(SolutionConfigurationPlatforms) = preSolution
		Development|Default = Development|Default
	EndGlobalSection
	GlobalSection(ProjectConfigurationPlatforms) = postSolution
		{95DBEFAA-0319-E048-AF98-91D5B840278E}.Development|Default.ActiveCfg = Development
		{95DBEFAA-0319-E048-AF98-91D5B840278E}.Development|Default.Build.0 = Development
		{95DBEFAA-0319-E048-AF98-91D5B840278E}.Development|Default.Deploy.0 = Development
	EndGlobalSection
	GlobalSection(SolutionProperties) = preSolution
		HideSolutionNode = FALSE
	EndGlobalSection
	GlobalSection(ExtensibilityGlobals) = postSolution
		SolutionGuid = {54458E9C-2C93-419B-BA04-79ABF8D1FF40}
	EndGlobalSection
EndGlobal
